
Microsoft Visual Studio Solution File, Format Version 12.00
# Visual Studio Version 16
VisualStudioVersion = 16.0.29806.167
MinimumVisualStudioVersion = 10.0.40219.1
Project("{9A19103F-16F7-4668-BE54-9A1E7A4F7556}") = "IOT_DeviceManager.API", "IOT_DeviceManager.API\IOT_DeviceManager.API.csproj", "{3A5204FB-E0C3-4328-A974-6880DDC695F8}"
EndProject
Project("{9A19103F-16F7-4668-BE54-9A1E7A4F7556}") = "IOT_DeviceManager.API.Test", "IOT_DeviceManager.API.Test\IOT_DeviceManager.API.Test.csproj", "{C9FAD091-2A34-4809-80D8-EC73827FFE6B}"
EndProject
Project("{FAE04EC0-301F-11D3-BF4B-00C04F79EFBC}") = "IOT_DeviceManager.APP.UWP", "IOT_DeviceManager.APP\IOT_DeviceManager.APP.UWP\IOT_DeviceManager.APP.UWP.csproj", "{6D1DE18C-FC29-4732-8FFE-41A5FD93F11A}"
EndProject
Project("{FAE04EC0-301F-11D3-BF4B-00C04F79EFBC}") = "IOT_DeviceManager.APP.Android", "IOT_DeviceManager.APP\IOT_DeviceManager.APP.Android\IOT_DeviceManager.APP.Android.csproj", "{E0583A87-02C6-47F6-972D-7304E38FF921}"
EndProject
Project("{9A19103F-16F7-4668-BE54-9A1E7A4F7556}") = "IOT_DeviceManager.APP", "IOT_DeviceManager.APP\IOT_DeviceManager.APP\IOT_DeviceManager.APP.csproj", "{2B170B6A-156D-495B-A395-11151584DAD1}"
EndProject
Global
	GlobalSection(SolutionConfigurationPlatforms) = preSolution
		Debug|Any CPU = Debug|Any CPU
		Debug|ARM = Debug|ARM
		Debug|x64 = Debug|x64
		Debug|x86 = Debug|x86
		Release|Any CPU = Release|Any CPU
		Release|ARM = Release|ARM
		Release|x64 = Release|x64
		Release|x86 = Release|x86
	EndGlobalSection
	GlobalSection(ProjectConfigurationPlatforms) = postSolution
		{3A5204FB-E0C3-4328-A974-6880DDC695F8}.Debug|Any CPU.ActiveCfg = Debug|Any CPU
		{3A5204FB-E0C3-4328-A974-6880DDC695F8}.Debug|Any CPU.Build.0 = Debug|Any CPU
		{3A5204FB-E0C3-4328-A974-6880DDC695F8}.Debug|ARM.ActiveCfg = Debug|Any CPU
		{3A5204FB-E0C3-4328-A974-6880DDC695F8}.Debug|ARM.Build.0 = Debug|Any CPU
		{3A5204FB-E0C3-4328-A974-6880DDC695F8}.Debug|x64.ActiveCfg = Debug|Any CPU
		{3A5204FB-E0C3-4328-A974-6880DDC695F8}.Debug|x64.Build.0 = Debug|Any CPU
		{3A5204FB-E0C3-4328-A974-6880DDC695F8}.Debug|x86.ActiveCfg = Debug|Any CPU
		{3A5204FB-E0C3-4328-A974-6880DDC695F8}.Debug|x86.Build.0 = Debug|Any CPU
		{3A5204FB-E0C3-4328-A974-6880DDC695F8}.Release|Any CPU.ActiveCfg = Release|Any CPU
		{3A5204FB-E0C3-4328-A974-6880DDC695F8}.Release|Any CPU.Build.0 = Release|Any CPU
		{3A5204FB-E0C3-4328-A974-6880DDC695F8}.Release|ARM.ActiveCfg = Release|Any CPU
		{3A5204FB-E0C3-4328-A974-6880DDC695F8}.Release|ARM.Build.0 = Release|Any CPU
		{3A5204FB-E0C3-4328-A974-6880DDC695F8}.Release|x64.ActiveCfg = Release|Any CPU
		{3A5204FB-E0C3-4328-A974-6880DDC695F8}.Release|x64.Build.0 = Release|Any CPU
		{3A5204FB-E0C3-4328-A974-6880DDC695F8}.Release|x86.ActiveCfg = Release|Any CPU
		{3A5204FB-E0C3-4328-A974-6880DDC695F8}.Release|x86.Build.0 = Release|Any CPU
		{C9FAD091-2A34-4809-80D8-EC73827FFE6B}.Debug|Any CPU.ActiveCfg = Debug|Any CPU
		{C9FAD091-2A34-4809-80D8-EC73827FFE6B}.Debug|Any CPU.Build.0 = Debug|Any CPU
		{C9FAD091-2A34-4809-80D8-EC73827FFE6B}.Debug|ARM.ActiveCfg = Debug|Any CPU
		{C9FAD091-2A34-4809-80D8-EC73827FFE6B}.Debug|ARM.Build.0 = Debug|Any CPU
		{C9FAD091-2A34-4809-80D8-EC73827FFE6B}.Debug|x64.ActiveCfg = Debug|Any CPU
		{C9FAD091-2A34-4809-80D8-EC73827FFE6B}.Debug|x64.Build.0 = Debug|Any CPU
		{C9FAD091-2A34-4809-80D8-EC73827FFE6B}.Debug|x86.ActiveCfg = Debug|Any CPU
		{C9FAD091-2A34-4809-80D8-EC73827FFE6B}.Debug|x86.Build.0 = Debug|Any CPU
		{C9FAD091-2A34-4809-80D8-EC73827FFE6B}.Release|Any CPU.ActiveCfg = Release|Any CPU
		{C9FAD091-2A34-4809-80D8-EC73827FFE6B}.Release|Any CPU.Build.0 = Release|Any CPU
		{C9FAD091-2A34-4809-80D8-EC73827FFE6B}.Release|ARM.ActiveCfg = Release|Any CPU
		{C9FAD091-2A34-4809-80D8-EC73827FFE6B}.Release|ARM.Build.0 = Release|Any CPU
		{C9FAD091-2A34-4809-80D8-EC73827FFE6B}.Release|x64.ActiveCfg = Release|Any CPU
		{C9FAD091-2A34-4809-80D8-EC73827FFE6B}.Release|x64.Build.0 = Release|Any CPU
		{C9FAD091-2A34-4809-80D8-EC73827FFE6B}.Release|x86.ActiveCfg = Release|Any CPU
		{C9FAD091-2A34-4809-80D8-EC73827FFE6B}.Release|x86.Build.0 = Release|Any CPU
		{6D1DE18C-FC29-4732-8FFE-41A5FD93F11A}.Debug|Any CPU.ActiveCfg = Debug|x86
		{6D1DE18C-FC29-4732-8FFE-41A5FD93F11A}.Debug|ARM.ActiveCfg = Debug|ARM
		{6D1DE18C-FC29-4732-8FFE-41A5FD93F11A}.Debug|ARM.Build.0 = Debug|ARM
		{6D1DE18C-FC29-4732-8FFE-41A5FD93F11A}.Debug|ARM.Deploy.0 = Debug|ARM
		{6D1DE18C-FC29-4732-8FFE-41A5FD93F11A}.Debug|x64.ActiveCfg = Debug|x64
		{6D1DE18C-FC29-4732-8FFE-41A5FD93F11A}.Debug|x64.Build.0 = Debug|x64
		{6D1DE18C-FC29-4732-8FFE-41A5FD93F11A}.Debug|x64.Deploy.0 = Debug|x64
		{6D1DE18C-FC29-4732-8FFE-41A5FD93F11A}.Debug|x86.ActiveCfg = Debug|x86
		{6D1DE18C-FC29-4732-8FFE-41A5FD93F11A}.Debug|x86.Build.0 = Debug|x86
		{6D1DE18C-FC29-4732-8FFE-41A5FD93F11A}.Debug|x86.Deploy.0 = Debug|x86
		{6D1DE18C-FC29-4732-8FFE-41A5FD93F11A}.Release|Any CPU.ActiveCfg = Release|x86
		{6D1DE18C-FC29-4732-8FFE-41A5FD93F11A}.Release|ARM.ActiveCfg = Release|ARM
		{6D1DE18C-FC29-4732-8FFE-41A5FD93F11A}.Release|ARM.Build.0 = Release|ARM
		{6D1DE18C-FC29-4732-8FFE-41A5FD93F11A}.Release|ARM.Deploy.0 = Release|ARM
		{6D1DE18C-FC29-4732-8FFE-41A5FD93F11A}.Release|x64.ActiveCfg = Release|x64
		{6D1DE18C-FC29-4732-8FFE-41A5FD93F11A}.Release|x64.Build.0 = Release|x64
		{6D1DE18C-FC29-4732-8FFE-41A5FD93F11A}.Release|x64.Deploy.0 = Release|x64
		{6D1DE18C-FC29-4732-8FFE-41A5FD93F11A}.Release|x86.ActiveCfg = Release|x86
		{6D1DE18C-FC29-4732-8FFE-41A5FD93F11A}.Release|x86.Build.0 = Release|x86
		{6D1DE18C-FC29-4732-8FFE-41A5FD93F11A}.Release|x86.Deploy.0 = Release|x86
		{E0583A87-02C6-47F6-972D-7304E38FF921}.Debug|Any CPU.ActiveCfg = Debug|Any CPU
		{E0583A87-02C6-47F6-972D-7304E38FF921}.Debug|Any CPU.Build.0 = Debug|Any CPU
		{E0583A87-02C6-47F6-972D-7304E38FF921}.Debug|Any CPU.Deploy.0 = Debug|Any CPU
		{E0583A87-02C6-47F6-972D-7304E38FF921}.Debug|ARM.ActiveCfg = Debug|Any CPU
		{E0583A87-02C6-47F6-972D-7304E38FF921}.Debug|ARM.Build.0 = Debug|Any CPU
		{E0583A87-02C6-47F6-972D-7304E38FF921}.Debug|ARM.Deploy.0 = Debug|Any CPU
		{E0583A87-02C6-47F6-972D-7304E38FF921}.Debug|x64.ActiveCfg = Debug|Any CPU
		{E0583A87-02C6-47F6-972D-7304E38FF921}.Debug|x64.Build.0 = Debug|Any CPU
		{E0583A87-02C6-47F6-972D-7304E38FF921}.Debug|x64.Deploy.0 = Debug|Any CPU
		{E0583A87-02C6-47F6-972D-7304E38FF921}.Debug|x86.ActiveCfg = Debug|Any CPU
		{E0583A87-02C6-47F6-972D-7304E38FF921}.Release|Any CPU.ActiveCfg = Release|Any CPU
		{E0583A87-02C6-47F6-972D-7304E38FF921}.Release|Any CPU.Build.0 = Release|Any CPU
		{E0583A87-02C6-47F6-972D-7304E38FF921}.Release|Any CPU.Deploy.0 = Release|Any CPU
		{E0583A87-02C6-47F6-972D-7304E38FF921}.Release|ARM.ActiveCfg = Release|Any CPU
		{E0583A87-02C6-47F6-972D-7304E38FF921}.Release|ARM.Build.0 = Release|Any CPU
		{E0583A87-02C6-47F6-972D-7304E38FF921}.Release|ARM.Deploy.0 = Release|Any CPU
		{E0583A87-02C6-47F6-972D-7304E38FF921}.Release|x64.ActiveCfg = Release|Any CPU
		{E0583A87-02C6-47F6-972D-7304E38FF921}.Release|x64.Build.0 = Release|Any CPU
		{E0583A87-02C6-47F6-972D-7304E38FF921}.Release|x64.Deploy.0 = Release|Any CPU
		{E0583A87-02C6-47F6-972D-7304E38FF921}.Release|x86.ActiveCfg = Release|Any CPU
		{2B170B6A-156D-495B-A395-11151584DAD1}.Debug|Any CPU.ActiveCfg = Debug|Any CPU
		{2B170B6A-156D-495B-A395-11151584DAD1}.Debug|Any CPU.Build.0 = Debug|Any CPU
		{2B170B6A-156D-495B-A395-11151584DAD1}.Debug|ARM.ActiveCfg = Debug|Any CPU
		{2B170B6A-156D-495B-A395-11151584DAD1}.Debug|ARM.Build.0 = Debug|Any CPU
		{2B170B6A-156D-495B-A395-11151584DAD1}.Debug|x64.ActiveCfg = Debug|Any CPU
		{2B170B6A-156D-495B-A395-11151584DAD1}.Debug|x64.Build.0 = Debug|Any CPU
		{2B170B6A-156D-495B-A395-11151584DAD1}.Debug|x86.ActiveCfg = Debug|Any CPU
		{2B170B6A-156D-495B-A395-11151584DAD1}.Debug|x86.Build.0 = Debug|Any CPU
		{2B170B6A-156D-495B-A395-11151584DAD1}.Release|Any CPU.ActiveCfg = Release|Any CPU
		{2B170B6A-156D-495B-A395-11151584DAD1}.Release|Any CPU.Build.0 = Release|Any CPU
		{2B170B6A-156D-495B-A395-11151584DAD1}.Release|ARM.ActiveCfg = Release|Any CPU
		{2B170B6A-156D-495B-A395-11151584DAD1}.Release|ARM.Build.0 = Release|Any CPU
		{2B170B6A-156D-495B-A395-11151584DAD1}.Release|x64.ActiveCfg = Release|Any CPU
		{2B170B6A-156D-495B-A395-11151584DAD1}.Release|x64.Build.0 = Release|Any CPU
		{2B170B6A-156D-495B-A395-11151584DAD1}.Release|x86.ActiveCfg = Release|Any CPU
		{2B170B6A-156D-495B-A395-11151584DAD1}.Release|x86.Build.0 = Release|Any CPU
	EndGlobalSection
	GlobalSection(SolutionProperties) = preSolution
		HideSolutionNode = FALSE
	EndGlobalSection
	GlobalSection(ExtensibilityGlobals) = postSolution
		SolutionGuid = {AE29F940-E3E5-4BF1-99E6-8A79866D112A}
	EndGlobalSection
EndGlobal
